
Microsoft Visual Studio Solution File, Format Version 12.00
# Visual Studio Version 16
VisualStudioVersion = 16.0.29806.167
MinimumVisualStudioVersion = 10.0.40219.1
Project("{9A19103F-16F7-4668-BE54-9A1E7A4F7556}") = "Converter", "Converter\Converter.csproj", "{2455F8BF-45ED-46D8-B964-348C3655235C}"
EndProject
Project("{9A19103F-16F7-4668-BE54-9A1E7A4F7556}") = "Neo3", "Neo3\Neo3.csproj", "{B857B1F6-EF91-41DD-A205-07004EFDB948}"
EndProject
Project("{9A19103F-16F7-4668-BE54-9A1E7A4F7556}") = "RpcUse", "RpcClient\RpcUse.csproj", "{F865C768-391B-4E78-8B6D-DB816A31CEED}"
EndProject
Project("{9A19103F-16F7-4668-BE54-9A1E7A4F7556}") = "Neo2", "Neo2\Neo2.csproj", "{38F8E29D-23EC-43CE-BF96-8BBB48A2FBCC}"
EndProject
Project("{9A19103F-16F7-4668-BE54-9A1E7A4F7556}") = "neo", "..\..\PR-Test\shargon\neo\src\neo\neo.csproj", "{7EBDDDF1-444E-4559-AD92-7E56888732C1}"
EndProject
Project("{9A19103F-16F7-4668-BE54-9A1E7A4F7556}") = "RpcClient", "..\..\PR-Test\devhawk\neo-modules\src\RpcClient\RpcClient.csproj", "{0D5899D0-7F63-4F0F-9571-42E180F99CDE}"
EndProject
Global
	GlobalSection(SolutionConfigurationPlatforms) = preSolution
		Debug|Any CPU = Debug|Any CPU
		Release|Any CPU = Release|Any CPU
	EndGlobalSection
	GlobalSection(ProjectConfigurationPlatforms) = postSolution
		{2455F8BF-45ED-46D8-B964-348C3655235C}.Debug|Any CPU.ActiveCfg = Debug|Any CPU
		{2455F8BF-45ED-46D8-B964-348C3655235C}.Debug|Any CPU.Build.0 = Debug|Any CPU
		{2455F8BF-45ED-46D8-B964-348C3655235C}.Release|Any CPU.ActiveCfg = Release|Any CPU
		{2455F8BF-45ED-46D8-B964-348C3655235C}.Release|Any CPU.Build.0 = Release|Any CPU
		{B857B1F6-EF91-41DD-A205-07004EFDB948}.Debug|Any CPU.ActiveCfg = Debug|Any CPU
		{B857B1F6-EF91-41DD-A205-07004EFDB948}.Debug|Any CPU.Build.0 = Debug|Any CPU
		{B857B1F6-EF91-41DD-A205-07004EFDB948}.Release|Any CPU.ActiveCfg = Release|Any CPU
		{B857B1F6-EF91-41DD-A205-07004EFDB948}.Release|Any CPU.Build.0 = Release|Any CPU
		{F865C768-391B-4E78-8B6D-DB816A31CEED}.Debug|Any CPU.ActiveCfg = Debug|Any CPU
		{F865C768-391B-4E78-8B6D-DB816A31CEED}.Debug|Any CPU.Build.0 = Debug|Any CPU
		{F865C768-391B-4E78-8B6D-DB816A31CEED}.Release|Any CPU.ActiveCfg = Release|Any CPU
		{F865C768-391B-4E78-8B6D-DB816A31CEED}.Release|Any CPU.Build.0 = Release|Any CPU
		{38F8E29D-23EC-43CE-BF96-8BBB48A2FBCC}.Debug|Any CPU.ActiveCfg = Debug|Any CPU
		{38F8E29D-23EC-43CE-BF96-8BBB48A2FBCC}.Debug|Any CPU.Build.0 = Debug|Any CPU
		{38F8E29D-23EC-43CE-BF96-8BBB48A2FBCC}.Release|Any CPU.ActiveCfg = Release|Any CPU
		{38F8E29D-23EC-43CE-BF96-8BBB48A2FBCC}.Release|Any CPU.Build.0 = Release|Any CPU
		{7EBDDDF1-444E-4559-AD92-7E56888732C1}.Debug|Any CPU.ActiveCfg = Debug|Any CPU
		{7EBDDDF1-444E-4559-AD92-7E56888732C1}.Debug|Any CPU.Build.0 = Debug|Any CPU
		{7EBDDDF1-444E-4559-AD92-7E56888732C1}.Release|Any CPU.ActiveCfg = Release|Any CPU
		{7EBDDDF1-444E-4559-AD92-7E56888732C1}.Release|Any CPU.Build.0 = Release|Any CPU
		{0D5899D0-7F63-4F0F-9571-42E180F99CDE}.Debug|Any CPU.ActiveCfg = Debug|Any CPU
		{0D5899D0-7F63-4F0F-9571-42E180F99CDE}.Debug|Any CPU.Build.0 = Debug|Any CPU
		{0D5899D0-7F63-4F0F-9571-42E180F99CDE}.Release|Any CPU.ActiveCfg = Release|Any CPU
		{0D5899D0-7F63-4F0F-9571-42E180F99CDE}.Release|Any CPU.Build.0 = Release|Any CPU
	EndGlobalSection
	GlobalSection(SolutionProperties) = preSolution
		HideSolutionNode = FALSE
	EndGlobalSection
	GlobalSection(ExtensibilityGlobals) = postSolution
		SolutionGuid = {0F52CF41-A89A-4B79-9B35-BFB0EAF7FBF9}
	EndGlobalSection
EndGlobal
